{
  "name": "@f0c1s/security-strings",
  "version": "2021.1.1",
  "lockfileVersion": 1,
  "requires": true,
  "dependencies": {
    "@f0c1s/color-blue": {
      "version": "0.0.1",
      "resolved": "https://registry.npmjs.org/@f0c1s/color-blue/-/color-blue-0.0.1.tgz",
      "integrity": "sha512-EqxerC303qTFSrYGW1JuKtj0OQkEK4phNgjR15PduARq2M8bR/o2qbzOSw0e4kT7hXQWpeMyENcV+rqxNO9uSw=="
    },
    "@f0c1s/color-green": {
      "version": "0.0.1",
      "resolved": "https://registry.npmjs.org/@f0c1s/color-green/-/color-green-0.0.1.tgz",
      "integrity": "sha512-poOX7ME8VY63/N0teeNPG4XgDITFvUEMNx51zBITmSDbpvR+JBzh8ldO2lPl4SAEG1KjnwQBcMH4K0CGgHm4OA=="
    },
    "@f0c1s/color-red": {
      "version": "0.0.1",
      "resolved": "https://registry.npmjs.org/@f0c1s/color-red/-/color-red-0.0.1.tgz",
      "integrity": "sha512-vT0VIj3KPpc7Md7f+0+2crvC636bLgs0RdCjGPa1fz6KAYkAMrFp0U7jpev+dJReRBSAyExwxO3Kmm98/pqXkg=="
    },
    "@f0c1s/color-yellow": {
      "version": "0.0.1",
      "resolved": "https://registry.npmjs.org/@f0c1s/color-yellow/-/color-yellow-0.0.1.tgz",
      "integrity": "sha512-/bfoTUZK5jkmQmI/GPyqWYHOcaeblWz4sSusFfCWthI3BSGhG4mqcuuWLZfLXFYY+xo+uQ6wY3FAVeVgAxLRBA=="
    },
    "@f0c1s/escape": {
      "version": "2018.11.12",
      "resolved": "https://registry.npmjs.org/@f0c1s/escape/-/escape-2018.11.12.tgz",
      "integrity": "sha512-NsrRr9oxD8+z3N8usy/H0HbVoFSw93/zufqJ+Q6zmaKNecHmsA3nJasSTKUys0rZv0PArpSPgLjcL+bgCvsFOA=="
    },
    "@f0c1s/escape-html": {
      "version": "2018.11.16",
      "resolved": "https://registry.npmjs.org/@f0c1s/escape-html/-/escape-html-2018.11.16.tgz",
      "integrity": "sha512-JSJ17PWKbpjpbVgveTStGPq6pdNpB91FHEeFkcQnzuAx9LFXnl/ypKcvVIof/qIa44NpDU1AydGMpMjp5PUY+A==",
      "requires": {
        "@f0c1s/escape": "^2018.11.12",
        "@f0c1s/pad": "^2018.11.13",
        "@f0c1s/safe-ascii": "^2018.11.13"
      }
    },
    "@f0c1s/escape-javascript": {
      "version": "2018.11.14",
      "resolved": "https://registry.npmjs.org/@f0c1s/escape-javascript/-/escape-javascript-2018.11.14.tgz",
      "integrity": "sha512-pnt74QxKo+34VL/eqFVgzs/gGjT61aT3y0iL0gWdvhLTPDAhCoI+4u1cozg2vDSDtvz1H4wE4V/naoCu6mP4Zw==",
      "requires": {
        "@f0c1s/escape": "^2018.11.12",
        "@f0c1s/pad": "^2018.11.13",
        "@f0c1s/safe-ascii": "^2018.11.13"
      }
    },
    "@f0c1s/pad": {
      "version": "2018.11.13",
      "resolved": "https://registry.npmjs.org/@f0c1s/pad/-/pad-2018.11.13.tgz",
      "integrity": "sha512-NKTIXQCl30T5J3W3ZE94zEcs7cuw0OzXYWfjU9OL+S5/wZw6oOx6jGlOM5+2KZ7uBaWPnd10anbjY8ALrCgaqA=="
    },
    "@f0c1s/safe-ascii": {
      "version": "2018.11.13",
      "resolved": "https://registry.npmjs.org/@f0c1s/safe-ascii/-/safe-ascii-2018.11.13.tgz",
      "integrity": "sha512-YSowSsFaJPfdDJ9ulvSlD4yiyNEDwjGfBa+YZ52YXzovcd5LKaHWLFPsp+Q8sM7hrWPX8g/bCfoxoi6UGXpxyA=="
    },
    "@f0c1s/security-rot": {
      "version": "2021.1.3",
      "resolved": "https://registry.npmjs.org/@f0c1s/security-rot/-/security-rot-2021.1.3.tgz",
      "integrity": "sha512-otrUsfc/7wEk4x4d26VeOcljyWxz57RHvo4WHyahoNpk7UjLABY9DUOTt0APxpCxyC0Du/nVyB93WIGfRSBK+A==",
      "requires": {
        "@f0c1s/color-blue": "0.0.1",
        "@f0c1s/color-green": "0.0.1",
        "@f0c1s/color-red": "0.0.1",
        "@f0c1s/color-yellow": "0.0.1"
      }
    },
    "@m1yh3m/base.64.codec.node.lib": {
      "version": "2021.1.2",
      "resolved": "https://registry.npmjs.org/@m1yh3m/base.64.codec.node.lib/-/base.64.codec.node.lib-2021.1.2.tgz",
      "integrity": "sha512-KQZr9grDOluc9cErfj78ovbqTP7rQtT5aIKY9jgBt+uNiU7zu3xJ/qQX2astrJ3YH/nm8X2ngSqx89HimZFr7w==",
      "requires": {
        "@m1yh3m/base.64.decode.node.lib": "^1.0.0",
        "@m1yh3m/base.64.encode.node.lib": "^1.0.0"
      }
    },
    "@m1yh3m/base.64.decode.node.lib": {
      "version": "1.0.0",
      "resolved": "https://registry.npmjs.org/@m1yh3m/base.64.decode.node.lib/-/base.64.decode.node.lib-1.0.0.tgz",
      "integrity": "sha512-DEtIpIxHtMsa7G27Jp97+rJO5ldT95Oug7r+xkJOI0GjDJQMd/E/pdIINmVH9rFWKQQV5Hfmdx76Tc3G2Cpv/g==",
      "requires": {
        "@m1yh3m/base.64.table.node.lib": "^2.0.0"
      }
    },
    "@m1yh3m/base.64.encode.node.lib": {
      "version": "1.0.0",
      "resolved": "https://registry.npmjs.org/@m1yh3m/base.64.encode.node.lib/-/base.64.encode.node.lib-1.0.0.tgz",
      "integrity": "sha512-4a5BXldjLeUadmLmVdx4S32jgZ1lWKrPg6YmLP/hUmwzwE3HK2jUfehvnkutfz5JO55ob7aDp19gj2KhrLW+nQ==",
      "requires": {
        "@m1yh3m/base.64.table.node.lib": "^2.0.0"
      }
    },
    "@m1yh3m/base.64.table.node.lib": {
      "version": "2.0.0",
      "resolved": "https://registry.npmjs.org/@m1yh3m/base.64.table.node.lib/-/base.64.table.node.lib-2.0.0.tgz",
      "integrity": "sha512-HpxgzWcOcFk2AD9Uw2yieJCSoVo2No8JRCIXw9z99k6G0U35ZqOthPX30AR+9NvrU2tuv5f5Sp5heKCmQREEzw=="
    }
  }
}
